
Microsoft Visual Studio Solution File, Format Version 12.00
# Visual Studio Version 16
VisualStudioVersion = 16.0.29926.136
MinimumVisualStudioVersion = 10.0.40219.1
Project("{FAE04EC0-301F-11D3-BF4B-00C04F79EFBC}") = "PowerTower", "PowerTower\PowerTower.csproj", "{8E7B6123-5A0C-47FA-88D1-FFA2D5ACD5FB}"
EndProject
Project("{FAE04EC0-301F-11D3-BF4B-00C04F79EFBC}") = "SetUpAll", "SetUpAll\SetUpAll.csproj", "{AFCF0E47-6949-4A47-B6AB-B4E39DCB5A1A}"
EndProject
Global
	GlobalSection(SolutionConfigurationPlatforms) = preSolution
		Debug|Any CPU = Debug|Any CPU
		Release|Any CPU = Release|Any CPU
	EndGlobalSection
	GlobalSection(ProjectConfigurationPlatforms) = postSolution
		{8E7B6123-5A0C-47FA-88D1-FFA2D5ACD5FB}.Debug|Any CPU.ActiveCfg = Debug|Any CPU
		{8E7B6123-5A0C-47FA-88D1-FFA2D5ACD5FB}.Debug|Any CPU.Build.0 = Debug|Any CPU
		{8E7B6123-5A0C-47FA-88D1-FFA2D5ACD5FB}.Release|Any CPU.ActiveCfg = Release|Any CPU
		{8E7B6123-5A0C-47FA-88D1-FFA2D5ACD5FB}.Release|Any CPU.Build.0 = Release|Any CPU
		{AFCF0E47-6949-4A47-B6AB-B4E39DCB5A1A}.Debug|Any CPU.ActiveCfg = Debug|Any CPU
		{AFCF0E47-6949-4A47-B6AB-B4E39DCB5A1A}.Debug|Any CPU.Build.0 = Debug|Any CPU
		{AFCF0E47-6949-4A47-B6AB-B4E39DCB5A1A}.Release|Any CPU.ActiveCfg = Release|Any CPU
		{AFCF0E47-6949-4A47-B6AB-B4E39DCB5A1A}.Release|Any CPU.Build.0 = Release|Any CPU
	EndGlobalSection
	GlobalSection(SolutionProperties) = preSolution
		HideSolutionNode = FALSE
	EndGlobalSection
	GlobalSection(ExtensibilityGlobals) = postSolution
		SolutionGuid = {D358A0A9-3E12-4789-BB97-50A022039360}
	EndGlobalSection
EndGlobal
